<?xml version="1.0" encoding="utf-8"?>
<Project ToolsVersion="17.0" xmlns="http://schemas.microsoft.com/developer/msbuild/2003">
  <ItemGroup>
    <ClCompile Include="D:\Projects\cpp\MakuTweakerPlusPlus\src\app\Application.cpp">
      <Filter>Source Files</Filter>
    </ClCompile>
    <ClCompile Include="D:\Projects\cpp\MakuTweakerPlusPlus\src\core\Analytics.cpp">
      <Filter>Source Files</Filter>
    </ClCompile>
    <ClCompile Include="D:\Projects\cpp\MakuTweakerPlusPlus\src\core\AppPaths.cpp">
      <Filter>Source Files</Filter>
    </ClCompile>
    <ClCompile Include="D:\Projects\cpp\MakuTweakerPlusPlus\src\core\Benchmark.cpp">
      <Filter>Source Files</Filter>
    </ClCompile>
    <ClCompile Include="D:\Projects\cpp\MakuTweakerPlusPlus\src\core\CpuTopology.cpp">
      <Filter>Source Files</Filter>
    </ClCompile>
    <ClCompile Include="D:\Projects\cpp\MakuTweakerPlusPlus\src\core\DisallowRun.cpp">
      <Filter>Source Files</Filter>
    </ClCompile>
    <ClCompile Include="D:\Projects\cpp\MakuTweakerPlusPlus\src\core\EmbeddedStore.cpp">
      <Filter>Source Files</Filter>
    </ClCompile>
    <ClCompile Include="D:\Projects\cpp\MakuTweakerPlusPlus\src\core\HostsBan.cpp">
      <Filter>Source Files</Filter>
    </ClCompile>
    <ClCompile Include="D:\Projects\cpp\MakuTweakerPlusPlus\src\core\JobQueue.cpp">
      <Filter>Source Files</Filter>
    </ClCompile>
    <ClCompile Include="D:\Projects\cpp\MakuTweakerPlusPlus\src\core\Localization.cpp">
      <Filter>Source Files</Filter>
    </ClCompile>
    <ClCompile Include="D:\Projects\cpp\MakuTweakerPlusPlus\src\core\LogFile.cpp">
      <Filter>Source Files</Filter>
    </ClCompile>
    <ClCompile Include="D:\Projects\cpp\MakuTweakerPlusPlus\src\core\MetricsBackground.cpp">
      <Filter>Source Files</Filter>
    </ClCompile>
    <ClCompile Include="D:\Projects\cpp\MakuTweakerPlusPlus\src\core\MetricsDb.cpp">
      <Filter>Source Files</Filter>
    </ClCompile>
    <ClCompile Include="D:\Projects\cpp\MakuTweakerPlusPlus\src\core\MetricsSampler.cpp">
      <Filter>Source Files</Filter>
    </ClCompile>
    <ClCompile Include="D:\Projects\cpp\MakuTweakerPlusPlus\src\core\MetricsWriteBuffer.cpp">
      <Filter>Source Files</Filter>
    </ClCompile>
    <ClCompile Include="D:\Projects\cpp\MakuTweakerPlusPlus\src\core\OsUtil.cpp">
      <Filter>Source Files</Filter>
    </ClCompile>
    <ClCompile Include="D:\Projects\cpp\MakuTweakerPlusPlus\src\core\PerformanceMonitor.cpp">
      <Filter>Source Files</Filter>
    </ClCompile>
    <ClCompile Include="D:\Projects\cpp\MakuTweakerPlusPlus\src\core\PresetIO.cpp">
      <Filter>Source Files</Filter>
    </ClCompile>
    <ClCompile Include="D:\Projects\cpp\MakuTweakerPlusPlus\src\core\ProcessMgrUtil.cpp">
      <Filter>Source Files</Filter>
    </ClCompile>
    <ClCompile Include="D:\Projects\cpp\MakuTweakerPlusPlus\src\core\ProcessRunner.cpp">
      <Filter>Source Files</Filter>
    </ClCompile>
    <ClCompile Include="D:\Projects\cpp\MakuTweakerPlusPlus\src\core\Registry.cpp">
      <Filter>Source Files</Filter>
    </ClCompile>
    <ClCompile Include="D:\Projects\cpp\MakuTweakerPlusPlus\src\core\Settings.cpp">
      <Filter>Source Files</Filter>
    </ClCompile>
    <ClCompile Include="D:\Projects\cpp\MakuTweakerPlusPlus\src\core\TaskMgrReplace.cpp">
      <Filter>Source Files</Filter>
    </ClCompile>
    <ClCompile Include="D:\Projects\cpp\MakuTweakerPlusPlus\src\core\TelemetryWire.cpp">
      <Filter>Source Files</Filter>
    </ClCompile>
    <ClCompile Include="D:\Projects\cpp\MakuTweakerPlusPlus\src\core\TweakProbe.cpp">
      <Filter>Source Files</Filter>
    </ClCompile>
    <ClCompile Include="D:\Projects\cpp\MakuTweakerPlusPlus\src\core\UwpUtil.cpp">
      <Filter>Source Files</Filter>
    </ClCompile>
    <ClCompile Include="D:\Projects\cpp\MakuTweakerPlusPlus\src\core\Wmi.cpp">
      <Filter>Source Files</Filter>
    </ClCompile>
    <ClCompile Include="D:\Projects\cpp\MakuTweakerPlusPlus\src\main.cpp">
      <Filter>Source Files</Filter>
    </ClCompile>
    <ClCompile Include="D:\Projects\cpp\MakuTweakerPlusPlus\src\platform\CrashHandler.cpp">
      <Filter>Source Files</Filter>
    </ClCompile>
    <ClCompile Include="D:\Projects\cpp\MakuTweakerPlusPlus\src\platform\D3D11Context.cpp">
      <Filter>Source Files</Filter>
    </ClCompile>
    <ClCompile Include="D:\Projects\cpp\MakuTweakerPlusPlus\src\platform\MetricsService.cpp">
      <Filter>Source Files</Filter>
    </ClCompile>
    <ClCompile Include="D:\Projects\cpp\MakuTweakerPlusPlus\src\platform\MetricsTray.cpp">
      <Filter>Source Files</Filter>
    </ClCompile>
    <ClCompile Include="D:\Projects\cpp\MakuTweakerPlusPlus\src\platform\TrayIcon.cpp">
      <Filter>Source Files</Filter>
    </ClCompile>
    <ClCompile Include="D:\Projects\cpp\MakuTweakerPlusPlus\src\platform\UpdateChecker.cpp">
      <Filter>Source Files</Filter>
    </ClCompile>
    <ClCompile Include="D:\Projects\cpp\MakuTweakerPlusPlus\src\platform\Win32Window.cpp">
      <Filter>Source Files</Filter>
    </ClCompile>
    <ClCompile Include="D:\Projects\cpp\MakuTweakerPlusPlus\src\ui\AppShell.cpp">
      <Filter>Source Files</Filter>
    </ClCompile>
    <ClCompile Include="D:\Projects\cpp\MakuTweakerPlusPlus\src\ui\CpuVisualizer.cpp">
      <Filter>Source Files</Filter>
    </ClCompile>
    <ClCompile Include="D:\Projects\cpp\MakuTweakerPlusPlus\src\ui\Dpi.cpp">
      <Filter>Source Files</Filter>
    </ClCompile>
    <ClCompile Include="D:\Projects\cpp\MakuTweakerPlusPlus\src\ui\Fonts.cpp">
      <Filter>Source Files</Filter>
    </ClCompile>
    <ClCompile Include="D:\Projects\cpp\MakuTweakerPlusPlus\src\ui\Modals.cpp">
      <Filter>Source Files</Filter>
    </ClCompile>
    <ClCompile Include="D:\Projects\cpp\MakuTweakerPlusPlus\src\ui\MonitorPage.cpp">
      <Filter>Source Files</Filter>
    </ClCompile>
    <ClCompile Include="D:\Projects\cpp\MakuTweakerPlusPlus\src\ui\MonitorPlotAxis.cpp">
      <Filter>Source Files</Filter>
    </ClCompile>
    <ClCompile Include="D:\Projects\cpp\MakuTweakerPlusPlus\src\ui\PagePci.cpp">
      <Filter>Source Files</Filter>
    </ClCompile>
    <ClCompile Include="D:\Projects\cpp\MakuTweakerPlusPlus\src\ui\PageWinInfo.cpp">
      <Filter>Source Files</Filter>
    </ClCompile>
    <ClCompile Include="D:\Projects\cpp\MakuTweakerPlusPlus\src\ui\Pages.cpp">
      <Filter>Source Files</Filter>
    </ClCompile>
    <ClCompile Include="D:\Projects\cpp\MakuTweakerPlusPlus\src\ui\Search.cpp">
      <Filter>Source Files</Filter>
    </ClCompile>
    <ClCompile Include="D:\Projects\cpp\MakuTweakerPlusPlus\src\ui\Theme.cpp">
      <Filter>Source Files</Filter>
    </ClCompile>
    <ClCompile Include="D:\Projects\cpp\MakuTweakerPlusPlus\src\ui\UiCommon.cpp">
      <Filter>Source Files</Filter>
    </ClCompile>
    <ClCompile Include="D:\Projects\cpp\MakuTweakerPlusPlus\build-onefile\_deps\imgui-src\imgui.cpp">
      <Filter>Source Files</Filter>
    </ClCompile>
    <ClCompile Include="D:\Projects\cpp\MakuTweakerPlusPlus\build-onefile\_deps\imgui-src\imgui_draw.cpp">
      <Filter>Source Files</Filter>
    </ClCompile>
    <ClCompile Include="D:\Projects\cpp\MakuTweakerPlusPlus\build-onefile\_deps\imgui-src\imgui_tables.cpp">
      <Filter>Source Files</Filter>
    </ClCompile>
    <ClCompile Include="D:\Projects\cpp\MakuTweakerPlusPlus\build-onefile\_deps\imgui-src\imgui_widgets.cpp">
      <Filter>Source Files</Filter>
    </ClCompile>
    <ClCompile Include="D:\Projects\cpp\MakuTweakerPlusPlus\build-onefile\_deps\imgui-src\backends\imgui_impl_win32.cpp">
      <Filter>Source Files</Filter>
    </ClCompile>
    <ClCompile Include="D:\Projects\cpp\MakuTweakerPlusPlus\build-onefile\_deps\imgui-src\backends\imgui_impl_dx11.cpp">
      <Filter>Source Files</Filter>
    </ClCompile>
    <ClCompile Include="D:\Projects\cpp\MakuTweakerPlusPlus\build-onefile\_deps\implot-src\implot.cpp">
      <Filter>Source Files</Filter>
    </ClCompile>
    <ClCompile Include="D:\Projects\cpp\MakuTweakerPlusPlus\build-onefile\_deps\implot-src\implot_items.cpp">
      <Filter>Source Files</Filter>
    </ClCompile>
    <ClCompile Include="D:\Projects\cpp\MakuTweakerPlusPlus\third_party\sqlite\sqlite3.c">
      <Filter>Source Files</Filter>
    </ClCompile>
    <ClCompile Include="D:\Projects\cpp\MakuTweakerPlusPlus\build-onefile\EmbeddedPayloadData.cpp">
      <Filter>Source Files</Filter>
    </ClCompile>
  </ItemGroup>
  <ItemGroup>
    <CustomBuild Include="D:\Projects\cpp\MakuTweakerPlusPlus\build-onefile\CMakeFiles\c3f39954fa20504d665c999536e86220\maku_payload.bin.rule">
      <Filter>CMake Rules</Filter>
    </CustomBuild>
    <CustomBuild Include="D:\Projects\cpp\MakuTweakerPlusPlus\CMakeLists.txt" />
  </ItemGroup>
  <ItemGroup>
    <Natvis Include="D:\Projects\cpp\MakuTweakerPlusPlus\build-onefile\_deps\json-src\nlohmann_json.natvis" />
  </ItemGroup>
  <ItemGroup>
    <ResourceCompile Include="D:\Projects\cpp\MakuTweakerPlusPlus\build-onefile\AppIcon.rc">
      <Filter>Source Files</Filter>
    </ResourceCompile>
  </ItemGroup>
  <ItemGroup>
    <Filter Include="CMake Rules">
      <UniqueIdentifier>{D3323457-9DCE-33A1-BFAC-83496DC5651A}</UniqueIdentifier>
    </Filter>
    <Filter Include="Source Files">
      <UniqueIdentifier>{57FE5120-2B78-38E4-93FE-DF4FA7ACF66F}</UniqueIdentifier>
    </Filter>
  </ItemGroup>
</Project>
